// !$*UTF8*$!
{
	archiveVersion = 1;
	classes = {
	};
	objectVersion = 55;
	objects = {

/* Begin PBXBuildFile section */
		1E7EC27B0B6C9B2F6543F115 /* libPods-iOS6-HW25-DmitryDorodniy.a in Frameworks */ = {isa = PBXBuildFile; fileRef = 827C08D19B7156448D8E1C5C /* libPods-iOS6-HW25-DmitryDorodniy.a */; };
		8A9B898E289C551E0063503F /* TableViewCell.swift in Sources */ = {isa = PBXBuildFile; fileRef = 8A9B898D289C551E0063503F /* TableViewCell.swift */; };
		8A9B8990289D254C0063503F /* String + Ext.swift in Sources */ = {isa = PBXBuildFile; fileRef = 8A9B898F289D254C0063503F /* String + Ext.swift */; };
		8A9B8992289E6F8C0063503F /* DetailsViewController.swift in Sources */ = {isa = PBXBuildFile; fileRef = 8A9B8991289E6F8C0063503F /* DetailsViewController.swift */; };
		8A9B8996289EEADB0063503F /* Constants.swift in Sources */ = {isa = PBXBuildFile; fileRef = 8A9B8995289EEADB0063503F /* Constants.swift */; };
		8A9B8998289EF3F90063503F /* NetworkManager.swift in Sources */ = {isa = PBXBuildFile; fileRef = 8A9B8997289EF3F90063503F /* NetworkManager.swift */; };
		8A9B899A289FB8650063503F /* URLConstructor.swift in Sources */ = {isa = PBXBuildFile; fileRef = 8A9B8999289FB8650063503F /* URLConstructor.swift */; };
		8AE7DE8D28A04AA0002D6872 /* ImageSize.swift in Sources */ = {isa = PBXBuildFile; fileRef = 8AE7DE8C28A04AA0002D6872 /* ImageSize.swift */; };
		8AE886B8289BFC70007780FD /* AppDelegate.swift in Sources */ = {isa = PBXBuildFile; fileRef = 8AE886B7289BFC70007780FD /* AppDelegate.swift */; };
		8AE886BC289BFC70007780FD /* ViewController.swift in Sources */ = {isa = PBXBuildFile; fileRef = 8AE886BB289BFC70007780FD /* ViewController.swift */; };
		8AE886BF289BFC70007780FD /* Main.storyboard in Resources */ = {isa = PBXBuildFile; fileRef = 8AE886BD289BFC70007780FD /* Main.storyboard */; };
		8AE886C1289BFC71007780FD /* Assets.xcassets in Resources */ = {isa = PBXBuildFile; fileRef = 8AE886C0289BFC71007780FD /* Assets.xcassets */; };
		8AE886C4289BFC71007780FD /* LaunchScreen.storyboard in Resources */ = {isa = PBXBuildFile; fileRef = 8AE886C2289BFC71007780FD /* LaunchScreen.storyboard */; };
		8AE886CC289C32F7007780FD /* ComicsModel.swift in Sources */ = {isa = PBXBuildFile; fileRef = 8AE886CB289C32F7007780FD /* ComicsModel.swift */; };
/* End PBXBuildFile section */

/* Begin PBXFileReference section */
		7069DFFEB5DFFC5DDAB5E589 /* Pods-iOS6-HW25-DmitryDorodniy.debug.xcconfig */ = {isa = PBXFileReference; includeInIndex = 1; lastKnownFileType = text.xcconfig; name = "Pods-iOS6-HW25-DmitryDorodniy.debug.xcconfig"; path = "Target Support Files/Pods-iOS6-HW25-DmitryDorodniy/Pods-iOS6-HW25-DmitryDorodniy.debug.xcconfig"; sourceTree = "<group>"; };
		827C08D19B7156448D8E1C5C /* libPods-iOS6-HW25-DmitryDorodniy.a */ = {isa = PBXFileReference; explicitFileType = archive.ar; includeInIndex = 0; path = "libPods-iOS6-HW25-DmitryDorodniy.a"; sourceTree = BUILT_PRODUCTS_DIR; };
		8A9B898D289C551E0063503F /* TableViewCell.swift */ = {isa = PBXFileReference; lastKnownFileType = sourcecode.swift; path = TableViewCell.swift; sourceTree = "<group>"; };
		8A9B898F289D254C0063503F /* String + Ext.swift */ = {isa = PBXFileReference; lastKnownFileType = sourcecode.swift; path = "String + Ext.swift"; sourceTree = "<group>"; };
		8A9B8991289E6F8C0063503F /* DetailsViewController.swift */ = {isa = PBXFileReference; lastKnownFileType = sourcecode.swift; path = DetailsViewController.swift; sourceTree = "<group>"; };
		8A9B8995289EEADB0063503F /* Constants.swift */ = {isa = PBXFileReference; lastKnownFileType = sourcecode.swift; path = Constants.swift; sourceTree = "<group>"; };
		8A9B8997289EF3F90063503F /* NetworkManager.swift */ = {isa = PBXFileReference; lastKnownFileType = sourcecode.swift; path = NetworkManager.swift; sourceTree = "<group>"; };
		8A9B8999289FB8650063503F /* URLConstructor.swift */ = {isa = PBXFileReference; lastKnownFileType = sourcecode.swift; path = URLConstructor.swift; sourceTree = "<group>"; };
		8AE7DE8C28A04AA0002D6872 /* ImageSize.swift */ = {isa = PBXFileReference; lastKnownFileType = sourcecode.swift; path = ImageSize.swift; sourceTree = "<group>"; };
		8AE886B4289BFC70007780FD /* iOS6-HW25-DmitryDorodniy.app */ = {isa = PBXFileReference; explicitFileType = wrapper.application; includeInIndex = 0; path = "iOS6-HW25-DmitryDorodniy.app"; sourceTree = BUILT_PRODUCTS_DIR; };
		8AE886B7289BFC70007780FD /* AppDelegate.swift */ = {isa = PBXFileReference; lastKnownFileType = sourcecode.swift; path = AppDelegate.swift; sourceTree = "<group>"; };
		8AE886BB289BFC70007780FD /* ViewController.swift */ = {isa = PBXFileReference; lastKnownFileType = sourcecode.swift; path = ViewController.swift; sourceTree = "<group>"; };
		8AE886BE289BFC70007780FD /* Base */ = {isa = PBXFileReference; lastKnownFileType = file.storyboard; name = Base; path = Base.lproj/Main.storyboard; sourceTree = "<group>"; };
		8AE886C0289BFC71007780FD /* Assets.xcassets */ = {isa = PBXFileReference; lastKnownFileType = folder.assetcatalog; path = Assets.xcassets; sourceTree = "<group>"; };
		8AE886C3289BFC71007780FD /* Base */ = {isa = PBXFileReference; lastKnownFileType = file.storyboard; name = Base; path = Base.lproj/LaunchScreen.storyboard; sourceTree = "<group>"; };
		8AE886C5289BFC71007780FD /* Info.plist */ = {isa = PBXFileReference; lastKnownFileType = text.plist.xml; path = Info.plist; sourceTree = "<group>"; };
		8AE886CB289C32F7007780FD /* ComicsModel.swift */ = {isa = PBXFileReference; lastKnownFileType = sourcecode.swift; path = ComicsModel.swift; sourceTree = "<group>"; };
		EC39E389FC0219A47400577C /* Pods-iOS6-HW25-DmitryDorodniy.release.xcconfig */ = {isa = PBXFileReference; includeInIndex = 1; lastKnownFileType = text.xcconfig; name = "Pods-iOS6-HW25-DmitryDorodniy.release.xcconfig"; path = "Target Support Files/Pods-iOS6-HW25-DmitryDorodniy/Pods-iOS6-HW25-DmitryDorodniy.release.xcconfig"; sourceTree = "<group>"; };
/* End PBXFileReference section */

/* Begin PBXFrameworksBuildPhase section */
		8AE886B1289BFC70007780FD /* Frameworks */ = {
			isa = PBXFrameworksBuildPhase;
			buildActionMask = 2147483647;
			files = (
				1E7EC27B0B6C9B2F6543F115 /* libPods-iOS6-HW25-DmitryDorodniy.a in Frameworks */,
			);
			runOnlyForDeploymentPostprocessing = 0;
		};
/* End PBXFrameworksBuildPhase section */

/* Begin PBXGroup section */
		8AE886AB289BFC70007780FD = {
			isa = PBXGroup;
			children = (
				8AE886B6289BFC70007780FD /* iOS6-HW25-DmitryDorodniy */,
				8AE886B5289BFC70007780FD /* Products */,
				E18B6728066CAE5B54415386 /* Pods */,
				FBD7E050038A6167274201FF /* Frameworks */,
			);
			sourceTree = "<group>";
		};
		8AE886B5289BFC70007780FD /* Products */ = {
			isa = PBXGroup;
			children = (
				8AE886B4289BFC70007780FD /* iOS6-HW25-DmitryDorodniy.app */,
			);
			name = Products;
			sourceTree = "<group>";
		};
		8AE886B6289BFC70007780FD /* iOS6-HW25-DmitryDorodniy */ = {
			isa = PBXGroup;
			children = (
				8AE886B7289BFC70007780FD /* AppDelegate.swift */,
				8AE7DE8C28A04AA0002D6872 /* ImageSize.swift */,
				8AE886BB289BFC70007780FD /* ViewController.swift */,
				8A9B8997289EF3F90063503F /* NetworkManager.swift */,
				8A9B8999289FB8650063503F /* URLConstructor.swift */,
				8A9B8995289EEADB0063503F /* Constants.swift */,
				8A9B8991289E6F8C0063503F /* DetailsViewController.swift */,
				8A9B898F289D254C0063503F /* String + Ext.swift */,
				8AE886CB289C32F7007780FD /* ComicsModel.swift */,
				8AE886BD289BFC70007780FD /* Main.storyboard */,
				8A9B898D289C551E0063503F /* TableViewCell.swift */,
				8AE886C0289BFC71007780FD /* Assets.xcassets */,
				8AE886C2289BFC71007780FD /* LaunchScreen.storyboard */,
				8AE886C5289BFC71007780FD /* Info.plist */,
			);
			path = "iOS6-HW25-DmitryDorodniy";
			sourceTree = "<group>";
		};
		E18B6728066CAE5B54415386 /* Pods */ = {
			isa = PBXGroup;
			children = (
				7069DFFEB5DFFC5DDAB5E589 /* Pods-iOS6-HW25-DmitryDorodniy.debug.xcconfig */,
				EC39E389FC0219A47400577C /* Pods-iOS6-HW25-DmitryDorodniy.release.xcconfig */,
			);
			path = Pods;
			sourceTree = "<group>";
		};
		FBD7E050038A6167274201FF /* Frameworks */ = {
			isa = PBXGroup;
			children = (
				827C08D19B7156448D8E1C5C /* libPods-iOS6-HW25-DmitryDorodniy.a */,
			);
			name = Frameworks;
			sourceTree = "<group>";
		};
/* End PBXGroup section */

/* Begin PBXNativeTarget section */
		8AE886B3289BFC70007780FD /* iOS6-HW25-DmitryDorodniy */ = {
			isa = PBXNativeTarget;
			buildConfigurationList = 8AE886C8289BFC71007780FD /* Build configuration list for PBXNativeTarget "iOS6-HW25-DmitryDorodniy" */;
			buildPhases = (
				942C70D18B031E8CA2A902B3 /* [CP] Check Pods Manifest.lock */,
				8AE886B0289BFC70007780FD /* Sources */,
				8AE886B1289BFC70007780FD /* Frameworks */,
				8AE886B2289BFC70007780FD /* Resources */,
			);
			buildRules = (
			);
			dependencies = (
			);
			name = "iOS6-HW25-DmitryDorodniy";
			productName = "iOS6-HW25-DmitryDorodniy";
			productReference = 8AE886B4289BFC70007780FD /* iOS6-HW25-DmitryDorodniy.app */;
			productType = "com.apple.product-type.application";
		};
/* End PBXNativeTarget section */

/* Begin PBXProject section */
		8AE886AC289BFC70007780FD /* Project object */ = {
			isa = PBXProject;
			attributes = {
				BuildIndependentTargetsInParallel = 1;
				LastSwiftUpdateCheck = 1340;
				LastUpgradeCheck = 1340;
				TargetAttributes = {
					8AE886B3289BFC70007780FD = {
						CreatedOnToolsVersion = 13.4.1;
					};
				};
			};
			buildConfigurationList = 8AE886AF289BFC70007780FD /* Build configuration list for PBXProject "iOS6-HW25-DmitryDorodniy" */;
			compatibilityVersion = "Xcode 13.0";
			developmentRegion = en;
			hasScannedForEncodings = 0;
			knownRegions = (
				en,
				Base,
			);
			mainGroup = 8AE886AB289BFC70007780FD;
			productRefGroup = 8AE886B5289BFC70007780FD /* Products */;
			projectDirPath = "";
			projectRoot = "";
			targets = (
				8AE886B3289BFC70007780FD /* iOS6-HW25-DmitryDorodniy */,
			);
		};
/* End PBXProject section */

/* Begin PBXResourcesBuildPhase section */
		8AE886B2289BFC70007780FD /* Resources */ = {
			isa = PBXResourcesBuildPhase;
			buildActionMask = 2147483647;
			files = (
				8AE886C4289BFC71007780FD /* LaunchScreen.storyboard in Resources */,
				8AE886C1289BFC71007780FD /* Assets.xcassets in Resources */,
				8AE886BF289BFC70007780FD /* Main.storyboard in Resources */,
			);
			runOnlyForDeploymentPostprocessing = 0;
		};
/* End PBXResourcesBuildPhase section */

/* Begin PBXShellScriptBuildPhase section */
		942C70D18B031E8CA2A902B3 /* [CP] Check Pods Manifest.lock */ = {
			isa = PBXShellScriptBuildPhase;
			buildActionMask = 2147483647;
			files = (
			);
			inputFileListPaths = (
			);
			inputPaths = (
				"${PODS_PODFILE_DIR_PATH}/Podfile.lock",
				"${PODS_ROOT}/Manifest.lock",
			);
			name = "[CP] Check Pods Manifest.lock";
			outputFileListPaths = (
			);
			outputPaths = (
				"$(DERIVED_FILE_DIR)/Pods-iOS6-HW25-DmitryDorodniy-checkManifestLockResult.txt",
			);
			runOnlyForDeploymentPostprocessing = 0;
			shellPath = /bin/sh;
			shellScript = "diff \"${PODS_PODFILE_DIR_PATH}/Podfile.lock\" \"${PODS_ROOT}/Manifest.lock\" > /dev/null\nif [ $? != 0 ] ; then\n    # print error to STDERR\n    echo \"error: The sandbox is not in sync with the Podfile.lock. Run 'pod install' or update your CocoaPods installation.\" >&2\n    exit 1\nfi\n# This output is used by Xcode 'outputs' to avoid re-running this script phase.\necho \"SUCCESS\" > \"${SCRIPT_OUTPUT_FILE_0}\"\n";
			showEnvVarsInLog = 0;
		};
/* End PBXShellScriptBuildPhase section */

/* Begin PBXSourcesBuildPhase section */
		8AE886B0289BFC70007780FD /* Sources */ = {
			isa = PBXSourcesBuildPhase;
			buildActionMask = 2147483647;
			files = (
				8AE886BC289BFC70007780FD /* ViewController.swift in Sources */,
				8A9B899A289FB8650063503F /* URLConstructor.swift in Sources */,
				8A9B898E289C551E0063503F /* TableViewCell.swift in Sources */,
				8A9B8990289D254C0063503F /* String + Ext.swift in Sources */,
				8AE886CC289C32F7007780FD /* ComicsModel.swift in Sources */,
				8A9B8998289EF3F90063503F /* NetworkManager.swift in Sources */,
				8A9B8996289EEADB0063503F /* Constants.swift in Sources */,
				8AE886B8289BFC70007780FD /* AppDelegate.swift in Sources */,
				8AE7DE8D28A04AA0002D6872 /* ImageSize.swift in Sources */,
				8A9B8992289E6F8C0063503F /* DetailsViewController.swift in Sources */,
			);
			runOnlyForDeploymentPostprocessing = 0;
		};
/* End PBXSourcesBuildPhase section */

/* Begin PBXVariantGroup section */
		8AE886BD289BFC70007780FD /* Main.storyboard */ = {
			isa = PBXVariantGroup;
			children = (
				8AE886BE289BFC70007780FD /* Base */,
			);
			name = Main.storyboard;
			sourceTree = "<group>";
		};
		8AE886C2289BFC71007780FD /* LaunchScreen.storyboard */ = {
			isa = PBXVariantGroup;
			children = (
				8AE886C3289BFC71007780FD /* Base */,
			);
			name = LaunchScreen.storyboard;
			sourceTree = "<group>";
		};
/* End PBXVariantGroup section */

/* Begin XCBuildConfiguration section */
		8AE886C6289BFC71007780FD /* Debug */ = {
			isa = XCBuildConfiguration;
			buildSettings = {
				ALWAYS_SEARCH_USER_PATHS = NO;
				CLANG_ANALYZER_NONNULL = YES;
				CLANG_ANALYZER_NUMBER_OBJECT_CONVERSION = YES_AGGRESSIVE;
				CLANG_CXX_LANGUAGE_STANDARD = "gnu++17";
				CLANG_ENABLE_MODULES = YES;
				CLANG_ENABLE_OBJC_ARC = YES;
				CLANG_ENABLE_OBJC_WEAK = YES;
				CLANG_WARN_BLOCK_CAPTURE_AUTORELEASING = YES;
				CLANG_WARN_BOOL_CONVERSION = YES;
				CLANG_WARN_COMMA = YES;
				CLANG_WARN_CONSTANT_CONVERSION = YES;
				CLANG_WARN_DEPRECATED_OBJC_IMPLEMENTATIONS = YES;
				CLANG_WARN_DIRECT_OBJC_ISA_USAGE = YES_ERROR;
				CLANG_WARN_DOCUMENTATION_COMMENTS = YES;
				CLANG_WARN_EMPTY_BODY = YES;
				CLANG_WARN_ENUM_CONVERSION = YES;
				CLANG_WARN_INFINITE_RECURSION = YES;
				CLANG_WARN_INT_CONVERSION = YES;
				CLANG_WARN_NON_LITERAL_NULL_CONVERSION = YES;
				CLANG_WARN_OBJC_IMPLICIT_RETAIN_SELF = YES;
				CLANG_WARN_OBJC_LITERAL_CONVERSION = YES;
				CLANG_WARN_OBJC_ROOT_CLASS = YES_ERROR;
				CLANG_WARN_QUOTED_INCLUDE_IN_FRAMEWORK_HEADER = YES;
				CLANG_WARN_RANGE_LOOP_ANALYSIS = YES;
				CLANG_WARN_STRICT_PROTOTYPES = YES;
				CLANG_WARN_SUSPICIOUS_MOVE = YES;
				CLANG_WARN_UNGUARDED_AVAILABILITY = YES_AGGRESSIVE;
				CLANG_WARN_UNREACHABLE_CODE = YES;
				CLANG_WARN__DUPLICATE_METHOD_MATCH = YES;
				COPY_PHASE_STRIP = NO;
				DEBUG_INFORMATION_FORMAT = dwarf;
				ENABLE_STRICT_OBJC_MSGSEND = YES;
				ENABLE_TESTABILITY = YES;
				GCC_C_LANGUAGE_STANDARD = gnu11;
				GCC_DYNAMIC_NO_PIC = NO;
				GCC_NO_COMMON_BLOCKS = YES;
				GCC_OPTIMIZATION_LEVEL = 0;
				GCC_PREPROCESSOR_DEFINITIONS = (
					"DEBUG=1",
					"$(inherited)",
				);
				GCC_WARN_64_TO_32_BIT_CONVERSION = YES;
				GCC_WARN_ABOUT_RETURN_TYPE = YES_ERROR;
				GCC_WARN_UNDECLARED_SELECTOR = YES;
				GCC_WARN_UNINITIALIZED_AUTOS = YES_AGGRESSIVE;
				GCC_WARN_UNUSED_FUNCTION = YES;
				GCC_WARN_UNUSED_VARIABLE = YES;
				IPHONEOS_DEPLOYMENT_TARGET = 15.5;
				MTL_ENABLE_DEBUG_INFO = INCLUDE_SOURCE;
				MTL_FAST_MATH = YES;
				ONLY_ACTIVE_ARCH = YES;
				SDKROOT = iphoneos;
				SWIFT_ACTIVE_COMPILATION_CONDITIONS = DEBUG;
				SWIFT_OPTIMIZATION_LEVEL = "-Onone";
			};
			name = Debug;
		};
		8AE886C7289BFC71007780FD /* Release */ = {
			isa = XCBuildConfiguration;
			buildSettings = {
				ALWAYS_SEARCH_USER_PATHS = NO;
				CLANG_ANALYZER_NONNULL = YES;
				CLANG_ANALYZER_NUMBER_OBJECT_CONVERSION = YES_AGGRESSIVE;
				CLANG_CXX_LANGUAGE_STANDARD = "gnu++17";
				CLANG_ENABLE_MODULES = YES;
				CLANG_ENABLE_OBJC_ARC = YES;
				CLANG_ENABLE_OBJC_WEAK = YES;
				CLANG_WARN_BLOCK_CAPTURE_AUTORELEASING = YES;
				CLANG_WARN_BOOL_CONVERSION = YES;
				CLANG_WARN_COMMA = YES;
				CLANG_WARN_CONSTANT_CONVERSION = YES;
				CLANG_WARN_DEPRECATED_OBJC_IMPLEMENTATIONS = YES;
				CLANG_WARN_DIRECT_OBJC_ISA_USAGE = YES_ERROR;
				CLANG_WARN_DOCUMENTATION_COMMENTS = YES;
				CLANG_WARN_EMPTY_BODY = YES;
				CLANG_WARN_ENUM_CONVERSION = YES;
				CLANG_WARN_INFINITE_RECURSION = YES;
				CLANG_WARN_INT_CONVERSION = YES;
				CLANG_WARN_NON_LITERAL_NULL_CONVERSION = YES;
				CLANG_WARN_OBJC_IMPLICIT_RETAIN_SELF = YES;
				CLANG_WARN_OBJC_LITERAL_CONVERSION = YES;
				CLANG_WARN_OBJC_ROOT_CLASS = YES_ERROR;
				CLANG_WARN_QUOTED_INCLUDE_IN_FRAMEWORK_HEADER = YES;
				CLANG_WARN_RANGE_LOOP_ANALYSIS = YES;
				CLANG_WARN_STRICT_PROTOTYPES = YES;
				CLANG_WARN_SUSPICIOUS_MOVE = YES;
				CLANG_WARN_UNGUARDED_AVAILABILITY = YES_AGGRESSIVE;
				CLANG_WARN_UNREACHABLE_CODE = YES;
				CLANG_WARN__DUPLICATE_METHOD_MATCH = YES;
				COPY_PHASE_STRIP = NO;
				DEBUG_INFORMATION_FORMAT = "dwarf-with-dsym";
				ENABLE_NS_ASSERTIONS = NO;
				ENABLE_STRICT_OBJC_MSGSEND = YES;
				GCC_C_LANGUAGE_STANDARD = gnu11;
				GCC_NO_COMMON_BLOCKS = YES;
				GCC_WARN_64_TO_32_BIT_CONVERSION = YES;
				GCC_WARN_ABOUT_RETURN_TYPE = YES_ERROR;
				GCC_WARN_UNDECLARED_SELECTOR = YES;
				GCC_WARN_UNINITIALIZED_AUTOS = YES_AGGRESSIVE;
				GCC_WARN_UNUSED_FUNCTION = YES;
				GCC_WARN_UNUSED_VARIABLE = YES;
				IPHONEOS_DEPLOYMENT_TARGET = 15.5;
				MTL_ENABLE_DEBUG_INFO = NO;
				MTL_FAST_MATH = YES;
				SDKROOT = iphoneos;
				SWIFT_COMPILATION_MODE = wholemodule;
				SWIFT_OPTIMIZATION_LEVEL = "-O";
				VALIDATE_PRODUCT = YES;
			};
			name = Release;
		};
		8AE886C9289BFC71007780FD /* Debug */ = {
			isa = XCBuildConfiguration;
			baseConfigurationReference = 7069DFFEB5DFFC5DDAB5E589 /* Pods-iOS6-HW25-DmitryDorodniy.debug.xcconfig */;
			buildSettings = {
				ASSETCATALOG_COMPILER_APPICON_NAME = AppIcon;
				ASSETCATALOG_COMPILER_GLOBAL_ACCENT_COLOR_NAME = AccentColor;
				CODE_SIGN_STYLE = Automatic;
				CURRENT_PROJECT_VERSION = 1;
				DEVELOPMENT_TEAM = JZ3AHZ382V;
				GENERATE_INFOPLIST_FILE = YES;
				INFOPLIST_FILE = "iOS6-HW25-DmitryDorodniy/Info.plist";
				INFOPLIST_KEY_UIApplicationSupportsIndirectInputEvents = YES;
				INFOPLIST_KEY_UILaunchStoryboardName = LaunchScreen;
				INFOPLIST_KEY_UIMainStoryboardFile = Main;
				INFOPLIST_KEY_UISupportedInterfaceOrientations_iPad = "UIInterfaceOrientationPortrait UIInterfaceOrientationPortraitUpsideDown UIInterfaceOrientationLandscapeLeft UIInterfaceOrientationLandscapeRight";
				INFOPLIST_KEY_UISupportedInterfaceOrientations_iPhone = "UIInterfaceOrientationPortrait UIInterfaceOrientationLandscapeLeft UIInterfaceOrientationLandscapeRight";
				LD_RUNPATH_SEARCH_PATHS = (
					"$(inherited)",
					"@executable_path/Frameworks",
				);
				MARKETING_VERSION = 1.0;
				PRODUCT_BUNDLE_IDENTIFIER = "com.dorodniy.iOS6-HW25-DmitryDorodniy";
				PRODUCT_NAME = "$(TARGET_NAME)";
				SWIFT_EMIT_LOC_STRINGS = YES;
				SWIFT_VERSION = 5.0;
				TARGETED_DEVICE_FAMILY = 1;
			};
			name = Debug;
		};
		8AE886CA289BFC71007780FD /* Release */ = {
			isa = XCBuildConfiguration;
			baseConfigurationReference = EC39E389FC0219A47400577C /* Pods-iOS6-HW25-DmitryDorodniy.release.xcconfig */;
			buildSettings = {
				ASSETCATALOG_COMPILER_APPICON_NAME = AppIcon;
				ASSETCATALOG_COMPILER_GLOBAL_ACCENT_COLOR_NAME = AccentColor;
				CODE_SIGN_STYLE = Automatic;
				CURRENT_PROJECT_VERSION = 1;
				DEVELOPMENT_TEAM = JZ3AHZ382V;
				GENERATE_INFOPLIST_FILE = YES;
				INFOPLIST_FILE = "iOS6-HW25-DmitryDorodniy/Info.plist";
				INFOPLIST_KEY_UIApplicationSupportsIndirectInputEvents = YES;
				INFOPLIST_KEY_UILaunchStoryboardName = LaunchScreen;
				INFOPLIST_KEY_UIMainStoryboardFile = Main;
				INFOPLIST_KEY_UISupportedInterfaceOrientations_iPad = "UIInterfaceOrientationPortrait UIInterfaceOrientationPortraitUpsideDown UIInterfaceOrientationLandscapeLeft UIInterfaceOrientationLandscapeRight";
				INFOPLIST_KEY_UISupportedInterfaceOrientations_iPhone = "UIInterfaceOrientationPortrait UIInterfaceOrientationLandscapeLeft UIInterfaceOrientationLandscapeRight";
				LD_RUNPATH_SEARCH_PATHS = (
					"$(inherited)",
					"@executable_path/Frameworks",
				);
				MARKETING_VERSION = 1.0;
				PRODUCT_BUNDLE_IDENTIFIER = "com.dorodniy.iOS6-HW25-DmitryDorodniy";
				PRODUCT_NAME = "$(TARGET_NAME)";
				SWIFT_EMIT_LOC_STRINGS = YES;
				SWIFT_VERSION = 5.0;
				TARGETED_DEVICE_FAMILY = 1;
			};
			name = Release;
		};
/* End XCBuildConfiguration section */

/* Begin XCConfigurationList section */
		8AE886AF289BFC70007780FD /* Build configuration list for PBXProject "iOS6-HW25-DmitryDorodniy" */ = {
			isa = XCConfigurationList;
			buildConfigurations = (
				8AE886C6289BFC71007780FD /* Debug */,
				8AE886C7289BFC71007780FD /* Release */,
			);
			defaultConfigurationIsVisible = 0;
			defaultConfigurationName = Release;
		};
		8AE886C8289BFC71007780FD /* Build configuration list for PBXNativeTarget "iOS6-HW25-DmitryDorodniy" */ = {
			isa = XCConfigurationList;
			buildConfigurations = (
				8AE886C9289BFC71007780FD /* Debug */,
				8AE886CA289BFC71007780FD /* Release */,
			);
			defaultConfigurationIsVisible = 0;
			defaultConfigurationName = Release;
		};
/* End XCConfigurationList section */
	};
	rootObject = 8AE886AC289BFC70007780FD /* Project object */;
}
